
Microsoft Visual Studio Solution File, Format Version 12.00
# Visual Studio Version 16
VisualStudioVersion = 16.0.29926.136
MinimumVisualStudioVersion = 10.0.40219.1
Project("{00D1A9C2-B5F0-4AF3-8072-F6C62B433612}") = "estupendo2", "Prueba1\estupendo2.sqlproj", "{99741CA1-68B7-4486-9646-2A4723F11B7D}"
EndProject
Global
	GlobalSection(SolutionConfigurationPlatforms) = preSolution
		Debug|Any CPU = Debug|Any CPU
		Release|Any CPU = Release|Any CPU
	EndGlobalSection
	GlobalSection(ProjectConfigurationPlatforms) = postSolution
		{99741CA1-68B7-4486-9646-2A4723F11B7D}.Debug|Any CPU.ActiveCfg = Debug|Any CPU
		{99741CA1-68B7-4486-9646-2A4723F11B7D}.Debug|Any CPU.Build.0 = Debug|Any CPU
		{99741CA1-68B7-4486-9646-2A4723F11B7D}.Debug|Any CPU.Deploy.0 = Debug|Any CPU
		{99741CA1-68B7-4486-9646-2A4723F11B7D}.Release|Any CPU.ActiveCfg = Release|Any CPU
		{99741CA1-68B7-4486-9646-2A4723F11B7D}.Release|Any CPU.Build.0 = Release|Any CPU
		{99741CA1-68B7-4486-9646-2A4723F11B7D}.Release|Any CPU.Deploy.0 = Release|Any CPU
	EndGlobalSection
	GlobalSection(SolutionProperties) = preSolution
		HideSolutionNode = FALSE
	EndGlobalSection
	GlobalSection(ExtensibilityGlobals) = postSolution
		SolutionGuid = {A07ECE05-0630-4AC6-B675-93E268B27A36}
	EndGlobalSection
EndGlobal
